{
  "name": "client",
  "lockfileVersion": 3,
  "requires": true,
  "packages": {
    "": {
      "dependencies": {
        "backend": "file:.."
      }
    },
    "..": {
      "version": "1.0.0",
      "license": "ISC",
      "dependencies": {
        "body-parser": "^1.20.3",
        "cors": "^2.8.5",
        "dotenv": "^16.4.5",
        "express": "^4.21.0",
        "mongoose": "^8.7.0",
        "node-fetch": "^3.3.2",
        "nodemon": "^3.1.7",
        "pdfkit": "^0.15.0"
      },
      "devDependencies": {
        "react-router-dom": "^6.26.2"
      }
    },
    "node_modules/backend": {
      "resolved": "..",
      "link": true
    }
  }
}
